
Microsoft Visual Studio Solution File, Format Version 12.00
# Visual Studio Version 16
VisualStudioVersion = 16.0.30517.126
MinimumVisualStudioVersion = 10.0.40219.1
Project("{FAE04EC0-301F-11D3-BF4B-00C04F79EFBC}") = "zoologico", "zoologico\zoologico.csproj", "{586E0A88-F61D-4997-AAE7-77B272D0F071}"
EndProject
Global
	GlobalSection(SolutionConfigurationPlatforms) = preSolution
		Debug|Any CPU = Debug|Any CPU
		Release|Any CPU = Release|Any CPU
	EndGlobalSection
	GlobalSection(ProjectConfigurationPlatforms) = postSolution
		{586E0A88-F61D-4997-AAE7-77B272D0F071}.Debug|Any CPU.ActiveCfg = Debug|Any CPU
		{586E0A88-F61D-4997-AAE7-77B272D0F071}.Debug|Any CPU.Build.0 = Debug|Any CPU
		{586E0A88-F61D-4997-AAE7-77B272D0F071}.Release|Any CPU.ActiveCfg = Release|Any CPU
		{586E0A88-F61D-4997-AAE7-77B272D0F071}.Release|Any CPU.Build.0 = Release|Any CPU
	EndGlobalSection
	GlobalSection(SolutionProperties) = preSolution
		HideSolutionNode = FALSE
	EndGlobalSection
	GlobalSection(ExtensibilityGlobals) = postSolution
		SolutionGuid = {7FD73447-9A51-4AF2-A777-197BF4D3C036}
	EndGlobalSection
EndGlobal
